
Microsoft Visual Studio Solution File, Format Version 12.00
# Visual Studio Version 16
VisualStudioVersion = 16.0.30114.105
MinimumVisualStudioVersion = 10.0.40219.1
Project("{FAE04EC0-301F-11D3-BF4B-00C04F79EFBC}") = "Senac", "Senac\Senac.csproj", "{A88ADA19-9268-44B8-B0B5-CC0CFEFECC5F}"
EndProject
Project("{FAE04EC0-301F-11D3-BF4B-00C04F79EFBC}") = "Senac.Tests", "Senac.Tests\Senac.Tests.csproj", "{7FA71676-1D30-4340-AF5E-E6B7DAD54351}"
EndProject
Global
	GlobalSection(SolutionConfigurationPlatforms) = preSolution
		Debug|Any CPU = Debug|Any CPU
		Debug|x64 = Debug|x64
		Debug|x86 = Debug|x86
		Release|Any CPU = Release|Any CPU
		Release|x64 = Release|x64
		Release|x86 = Release|x86
	EndGlobalSection
	GlobalSection(SolutionProperties) = preSolution
		HideSolutionNode = FALSE
	EndGlobalSection
	GlobalSection(ProjectConfigurationPlatforms) = postSolution
		{A88ADA19-9268-44B8-B0B5-CC0CFEFECC5F}.Debug|Any CPU.ActiveCfg = Debug|Any CPU
		{A88ADA19-9268-44B8-B0B5-CC0CFEFECC5F}.Debug|Any CPU.Build.0 = Debug|Any CPU
		{A88ADA19-9268-44B8-B0B5-CC0CFEFECC5F}.Debug|x64.ActiveCfg = Debug|Any CPU
		{A88ADA19-9268-44B8-B0B5-CC0CFEFECC5F}.Debug|x64.Build.0 = Debug|Any CPU
		{A88ADA19-9268-44B8-B0B5-CC0CFEFECC5F}.Debug|x86.ActiveCfg = Debug|Any CPU
		{A88ADA19-9268-44B8-B0B5-CC0CFEFECC5F}.Debug|x86.Build.0 = Debug|Any CPU
		{A88ADA19-9268-44B8-B0B5-CC0CFEFECC5F}.Release|Any CPU.ActiveCfg = Release|Any CPU
		{A88ADA19-9268-44B8-B0B5-CC0CFEFECC5F}.Release|Any CPU.Build.0 = Release|Any CPU
		{A88ADA19-9268-44B8-B0B5-CC0CFEFECC5F}.Release|x64.ActiveCfg = Release|Any CPU
		{A88ADA19-9268-44B8-B0B5-CC0CFEFECC5F}.Release|x64.Build.0 = Release|Any CPU
		{A88ADA19-9268-44B8-B0B5-CC0CFEFECC5F}.Release|x86.ActiveCfg = Release|Any CPU
		{A88ADA19-9268-44B8-B0B5-CC0CFEFECC5F}.Release|x86.Build.0 = Release|Any CPU
		{7FA71676-1D30-4340-AF5E-E6B7DAD54351}.Debug|Any CPU.ActiveCfg = Debug|Any CPU
		{7FA71676-1D30-4340-AF5E-E6B7DAD54351}.Debug|Any CPU.Build.0 = Debug|Any CPU
		{7FA71676-1D30-4340-AF5E-E6B7DAD54351}.Debug|x64.ActiveCfg = Debug|Any CPU
		{7FA71676-1D30-4340-AF5E-E6B7DAD54351}.Debug|x64.Build.0 = Debug|Any CPU
		{7FA71676-1D30-4340-AF5E-E6B7DAD54351}.Debug|x86.ActiveCfg = Debug|Any CPU
		{7FA71676-1D30-4340-AF5E-E6B7DAD54351}.Debug|x86.Build.0 = Debug|Any CPU
		{7FA71676-1D30-4340-AF5E-E6B7DAD54351}.Release|Any CPU.ActiveCfg = Release|Any CPU
		{7FA71676-1D30-4340-AF5E-E6B7DAD54351}.Release|Any CPU.Build.0 = Release|Any CPU
		{7FA71676-1D30-4340-AF5E-E6B7DAD54351}.Release|x64.ActiveCfg = Release|Any CPU
		{7FA71676-1D30-4340-AF5E-E6B7DAD54351}.Release|x64.Build.0 = Release|Any CPU
		{7FA71676-1D30-4340-AF5E-E6B7DAD54351}.Release|x86.ActiveCfg = Release|Any CPU
		{7FA71676-1D30-4340-AF5E-E6B7DAD54351}.Release|x86.Build.0 = Release|Any CPU
	EndGlobalSection
EndGlobal
